// !$*UTF8*$!
{
	archiveVersion = 1;
	classes = {
	};
	objectVersion = 55;
	objects = {

/* Begin PBXBuildFile section */
		A102E4D6283F8AF5007E3D55 /* FoodLabel.xcdatamodeld in Sources */ = {isa = PBXBuildFile; fileRef = A102E4D4283F8AF5007E3D55 /* FoodLabel.xcdatamodeld */; };
		A10D564C2840CB0B00C21507 /* BarChart.swift in Sources */ = {isa = PBXBuildFile; fileRef = A10D564B2840CB0B00C21507 /* BarChart.swift */; };
		A10D564F2840CB8800C21507 /* ChartView1.swift in Sources */ = {isa = PBXBuildFile; fileRef = A10D564E2840CB8800C21507 /* ChartView1.swift */; };
		A10D56512840CD2D00C21507 /* ChartView2.swift in Sources */ = {isa = PBXBuildFile; fileRef = A10D56502840CD2D00C21507 /* ChartView2.swift */; };
		A10D56532840CDED00C21507 /* BarView.swift in Sources */ = {isa = PBXBuildFile; fileRef = A10D56522840CDED00C21507 /* BarView.swift */; };
		A10D56552840D09400C21507 /* ChartView.swift in Sources */ = {isa = PBXBuildFile; fileRef = A10D56542840D09400C21507 /* ChartView.swift */; };
		A136B949283A2C0D00691796 /* FactsLabelScanAndCalculation_swiftuiApp.swift in Sources */ = {isa = PBXBuildFile; fileRef = A136B948283A2C0D00691796 /* FactsLabelScanAndCalculation_swiftuiApp.swift */; };
		A136B94D283A2C0F00691796 /* Assets.xcassets in Resources */ = {isa = PBXBuildFile; fileRef = A136B94C283A2C0F00691796 /* Assets.xcassets */; };
		A136B950283A2C0F00691796 /* Preview Assets.xcassets in Resources */ = {isa = PBXBuildFile; fileRef = A136B94F283A2C0F00691796 /* Preview Assets.xcassets */; };
		A136B95C283A38AE00691796 /* HomeView.swift in Sources */ = {isa = PBXBuildFile; fileRef = A136B95B283A38AE00691796 /* HomeView.swift */; };
		A14B9609283FAC5E0085A40C /* FoodDetailView.swift in Sources */ = {isa = PBXBuildFile; fileRef = A14B9608283FAC5E0085A40C /* FoodDetailView.swift */; };
		A14B960B283FB7BD0085A40C /* SettingView.swift in Sources */ = {isa = PBXBuildFile; fileRef = A14B960A283FB7BD0085A40C /* SettingView.swift */; };
		A1A5B61B28404FE000E41A67 /* LabelML.mlmodel in Sources */ = {isa = PBXBuildFile; fileRef = A1A5B61A28404FE000E41A67 /* LabelML.mlmodel */; };
		A1A5B61D2840541400E41A67 /* UIImage+Extension.swift in Sources */ = {isa = PBXBuildFile; fileRef = A1A5B61C2840541400E41A67 /* UIImage+Extension.swift */; };
		A1A5B62128405E9000E41A67 /* ScanData.swift in Sources */ = {isa = PBXBuildFile; fileRef = A1A5B62028405E9000E41A67 /* ScanData.swift */; };
		A1A5B62528405EAC00E41A67 /* ScannerView.swift in Sources */ = {isa = PBXBuildFile; fileRef = A1A5B62428405EAC00E41A67 /* ScannerView.swift */; };
		A1A5B62728405EB700E41A67 /* TextRecognizer.swift in Sources */ = {isa = PBXBuildFile; fileRef = A1A5B62628405EB700E41A67 /* TextRecognizer.swift */; };
		A1BD565A283F7C2F00DF2C6F /* ScanView.swift in Sources */ = {isa = PBXBuildFile; fileRef = A1BD5659283F7C2F00DF2C6F /* ScanView.swift */; };
		A1BD565D283F7C7A00DF2C6F /* FoodInfoTable.swift in Sources */ = {isa = PBXBuildFile; fileRef = A1BD565C283F7C7A00DF2C6F /* FoodInfoTable.swift */; };
		A1BD565F283F7EE700DF2C6F /* DataController.swift in Sources */ = {isa = PBXBuildFile; fileRef = A1BD565E283F7EE700DF2C6F /* DataController.swift */; };
		A1BD5665283F81EA00DF2C6F /* ContentView.swift in Sources */ = {isa = PBXBuildFile; fileRef = A1BD5664283F81EA00DF2C6F /* ContentView.swift */; };
		A1E62C9F283A615D00D9C696 /* AnalysisView.swift in Sources */ = {isa = PBXBuildFile; fileRef = A1E62C9E283A615D00D9C696 /* AnalysisView.swift */; };
		A1E62CA4283A628B00D9C696 /* HistoryView.swift in Sources */ = {isa = PBXBuildFile; fileRef = A1E62CA3283A628B00D9C696 /* HistoryView.swift */; };
/* End PBXBuildFile section */

/* Begin PBXFileReference section */
		A102E4D5283F8AF5007E3D55 /* FoodLabel.xcdatamodel */ = {isa = PBXFileReference; lastKnownFileType = wrapper.xcdatamodel; path = FoodLabel.xcdatamodel; sourceTree = "<group>"; };
		A10D564B2840CB0B00C21507 /* BarChart.swift */ = {isa = PBXFileReference; lastKnownFileType = sourcecode.swift; path = BarChart.swift; sourceTree = "<group>"; };
		A10D564E2840CB8800C21507 /* ChartView1.swift */ = {isa = PBXFileReference; lastKnownFileType = sourcecode.swift; path = ChartView1.swift; sourceTree = "<group>"; };
		A10D56502840CD2D00C21507 /* ChartView2.swift */ = {isa = PBXFileReference; lastKnownFileType = sourcecode.swift; path = ChartView2.swift; sourceTree = "<group>"; };
		A10D56522840CDED00C21507 /* BarView.swift */ = {isa = PBXFileReference; lastKnownFileType = sourcecode.swift; path = BarView.swift; sourceTree = "<group>"; };
		A10D56542840D09400C21507 /* ChartView.swift */ = {isa = PBXFileReference; lastKnownFileType = sourcecode.swift; path = ChartView.swift; sourceTree = "<group>"; };
		A136B945283A2C0D00691796 /* FactsLabelScanAndCalculation-swiftui.app */ = {isa = PBXFileReference; explicitFileType = wrapper.application; includeInIndex = 0; path = "FactsLabelScanAndCalculation-swiftui.app"; sourceTree = BUILT_PRODUCTS_DIR; };
		A136B948283A2C0D00691796 /* FactsLabelScanAndCalculation_swiftuiApp.swift */ = {isa = PBXFileReference; lastKnownFileType = sourcecode.swift; path = FactsLabelScanAndCalculation_swiftuiApp.swift; sourceTree = "<group>"; };
		A136B94C283A2C0F00691796 /* Assets.xcassets */ = {isa = PBXFileReference; lastKnownFileType = folder.assetcatalog; path = Assets.xcassets; sourceTree = "<group>"; };
		A136B94F283A2C0F00691796 /* Preview Assets.xcassets */ = {isa = PBXFileReference; lastKnownFileType = folder.assetcatalog; path = "Preview Assets.xcassets"; sourceTree = "<group>"; };
		A136B95B283A38AE00691796 /* HomeView.swift */ = {isa = PBXFileReference; lastKnownFileType = sourcecode.swift; path = HomeView.swift; sourceTree = "<group>"; };
		A14B9608283FAC5E0085A40C /* FoodDetailView.swift */ = {isa = PBXFileReference; lastKnownFileType = sourcecode.swift; path = FoodDetailView.swift; sourceTree = "<group>"; };
		A14B960A283FB7BD0085A40C /* SettingView.swift */ = {isa = PBXFileReference; lastKnownFileType = sourcecode.swift; path = SettingView.swift; sourceTree = "<group>"; };
		A1A5B61A28404FE000E41A67 /* LabelML.mlmodel */ = {isa = PBXFileReference; lastKnownFileType = file.mlmodel; path = LabelML.mlmodel; sourceTree = "<group>"; };
		A1A5B61C2840541400E41A67 /* UIImage+Extension.swift */ = {isa = PBXFileReference; lastKnownFileType = sourcecode.swift; path = "UIImage+Extension.swift"; sourceTree = "<group>"; };
		A1A5B62028405E9000E41A67 /* ScanData.swift */ = {isa = PBXFileReference; lastKnownFileType = sourcecode.swift; path = ScanData.swift; sourceTree = "<group>"; };
		A1A5B62428405EAC00E41A67 /* ScannerView.swift */ = {isa = PBXFileReference; lastKnownFileType = sourcecode.swift; path = ScannerView.swift; sourceTree = "<group>"; };
		A1A5B62628405EB700E41A67 /* TextRecognizer.swift */ = {isa = PBXFileReference; lastKnownFileType = sourcecode.swift; path = TextRecognizer.swift; sourceTree = "<group>"; };
		A1BD5659283F7C2F00DF2C6F /* ScanView.swift */ = {isa = PBXFileReference; lastKnownFileType = sourcecode.swift; path = ScanView.swift; sourceTree = "<group>"; };
		A1BD565C283F7C7A00DF2C6F /* FoodInfoTable.swift */ = {isa = PBXFileReference; lastKnownFileType = sourcecode.swift; path = FoodInfoTable.swift; sourceTree = "<group>"; };
		A1BD565E283F7EE700DF2C6F /* DataController.swift */ = {isa = PBXFileReference; lastKnownFileType = sourcecode.swift; path = DataController.swift; sourceTree = "<group>"; };
		A1BD5664283F81EA00DF2C6F /* ContentView.swift */ = {isa = PBXFileReference; lastKnownFileType = sourcecode.swift; path = ContentView.swift; sourceTree = "<group>"; };
		A1E62C9E283A615D00D9C696 /* AnalysisView.swift */ = {isa = PBXFileReference; lastKnownFileType = sourcecode.swift; path = AnalysisView.swift; sourceTree = "<group>"; };
		A1E62CA3283A628B00D9C696 /* HistoryView.swift */ = {isa = PBXFileReference; lastKnownFileType = sourcecode.swift; path = HistoryView.swift; sourceTree = "<group>"; };
/* End PBXFileReference section */

/* Begin PBXFrameworksBuildPhase section */
		A136B942283A2C0D00691796 /* Frameworks */ = {
			isa = PBXFrameworksBuildPhase;
			buildActionMask = 2147483647;
			files = (
			);
			runOnlyForDeploymentPostprocessing = 0;
		};
/* End PBXFrameworksBuildPhase section */

/* Begin PBXGroup section */
		A10D564D2840CB1C00C21507 /* Chart */ = {
			isa = PBXGroup;
			children = (
				A10D564B2840CB0B00C21507 /* BarChart.swift */,
				A10D564E2840CB8800C21507 /* ChartView1.swift */,
				A10D56502840CD2D00C21507 /* ChartView2.swift */,
				A10D56522840CDED00C21507 /* BarView.swift */,
				A10D56542840D09400C21507 /* ChartView.swift */,
			);
			path = Chart;
			sourceTree = "<group>";
		};
		A136B93C283A2C0D00691796 = {
			isa = PBXGroup;
			children = (
				A136B947283A2C0D00691796 /* FactsLabelScanAndCalculation-swiftui */,
				A136B946283A2C0D00691796 /* Products */,
			);
			sourceTree = "<group>";
		};
		A136B946283A2C0D00691796 /* Products */ = {
			isa = PBXGroup;
			children = (
				A136B945283A2C0D00691796 /* FactsLabelScanAndCalculation-swiftui.app */,
			);
			name = Products;
			sourceTree = "<group>";
		};
		A136B947283A2C0D00691796 /* FactsLabelScanAndCalculation-swiftui */ = {
			isa = PBXGroup;
			children = (
				A136B948283A2C0D00691796 /* FactsLabelScanAndCalculation_swiftuiApp.swift */,
				A1BD5664283F81EA00DF2C6F /* ContentView.swift */,
				A1A5B61E28405DD900E41A67 /* ML */,
				A1BD5660283F7EED00DF2C6F /* DateBase */,
				A1A5B61F28405E4200E41A67 /* OCR */,
				A1E62CA2283A623500D9C696 /* TabBarPage */,
				A136B94C283A2C0F00691796 /* Assets.xcassets */,
				A136B94E283A2C0F00691796 /* Preview Content */,
			);
			path = "FactsLabelScanAndCalculation-swiftui";
			sourceTree = "<group>";
		};
		A136B94E283A2C0F00691796 /* Preview Content */ = {
			isa = PBXGroup;
			children = (
				A136B94F283A2C0F00691796 /* Preview Assets.xcassets */,
			);
			path = "Preview Content";
			sourceTree = "<group>";
		};
		A14B9607283FAC3B0085A40C /* FoodDetail */ = {
			isa = PBXGroup;
			children = (
				A14B9608283FAC5E0085A40C /* FoodDetailView.swift */,
			);
			path = FoodDetail;
			sourceTree = "<group>";
		};
		A1A5B61E28405DD900E41A67 /* ML */ = {
			isa = PBXGroup;
			children = (
				A1A5B61A28404FE000E41A67 /* LabelML.mlmodel */,
				A1A5B61C2840541400E41A67 /* UIImage+Extension.swift */,
			);
			path = ML;
			sourceTree = "<group>";
		};
		A1A5B61F28405E4200E41A67 /* OCR */ = {
			isa = PBXGroup;
			children = (
				A1A5B62028405E9000E41A67 /* ScanData.swift */,
				A1A5B62428405EAC00E41A67 /* ScannerView.swift */,
				A1A5B62628405EB700E41A67 /* TextRecognizer.swift */,
			);
			path = OCR;
			sourceTree = "<group>";
		};
		A1BD565B283F7C6C00DF2C6F /* TestView */ = {
			isa = PBXGroup;
			children = (
				A1BD565C283F7C7A00DF2C6F /* FoodInfoTable.swift */,
			);
			path = TestView;
			sourceTree = "<group>";
		};
		A1BD5660283F7EED00DF2C6F /* DateBase */ = {
			isa = PBXGroup;
			children = (
				A1BD565E283F7EE700DF2C6F /* DataController.swift */,
				A102E4D4283F8AF5007E3D55 /* FoodLabel.xcdatamodeld */,
			);
			path = DateBase;
			sourceTree = "<group>";
		};
		A1E62CA2283A623500D9C696 /* TabBarPage */ = {
			isa = PBXGroup;
			children = (
				A10D564D2840CB1C00C21507 /* Chart */,
				A1BD565B283F7C6C00DF2C6F /* TestView */,
				A14B9607283FAC3B0085A40C /* FoodDetail */,
				A136B95B283A38AE00691796 /* HomeView.swift */,
				A1E62C9E283A615D00D9C696 /* AnalysisView.swift */,
				A1BD5659283F7C2F00DF2C6F /* ScanView.swift */,
				A1E62CA3283A628B00D9C696 /* HistoryView.swift */,
				A14B960A283FB7BD0085A40C /* SettingView.swift */,
			);
			path = TabBarPage;
			sourceTree = "<group>";
		};
/* End PBXGroup section */

/* Begin PBXNativeTarget section */
		A136B944283A2C0D00691796 /* FactsLabelScanAndCalculation-swiftui */ = {
			isa = PBXNativeTarget;
			buildConfigurationList = A136B958283A2C0F00691796 /* Build configuration list for PBXNativeTarget "FactsLabelScanAndCalculation-swiftui" */;
			buildPhases = (
				A136B941283A2C0D00691796 /* Sources */,
				A136B942283A2C0D00691796 /* Frameworks */,
				A136B943283A2C0D00691796 /* Resources */,
			);
			buildRules = (
			);
			dependencies = (
			);
			name = "FactsLabelScanAndCalculation-swiftui";
			productName = "FactsLabelScanAndCalculation-swiftui";
			productReference = A136B945283A2C0D00691796 /* FactsLabelScanAndCalculation-swiftui.app */;
			productType = "com.apple.product-type.application";
		};
/* End PBXNativeTarget section */

/* Begin PBXProject section */
		A136B93D283A2C0D00691796 /* Project object */ = {
			isa = PBXProject;
			attributes = {
				BuildIndependentTargetsInParallel = 1;
				LastSwiftUpdateCheck = 1340;
				LastUpgradeCheck = 1340;
				TargetAttributes = {
					A136B944283A2C0D00691796 = {
						CreatedOnToolsVersion = 13.4;
					};
				};
			};
			buildConfigurationList = A136B940283A2C0D00691796 /* Build configuration list for PBXProject "FactsLabelScanAndCalculation-swiftui" */;
			compatibilityVersion = "Xcode 13.0";
			developmentRegion = en;
			hasScannedForEncodings = 0;
			knownRegions = (
				en,
				Base,
			);
			mainGroup = A136B93C283A2C0D00691796;
			productRefGroup = A136B946283A2C0D00691796 /* Products */;
			projectDirPath = "";
			projectRoot = "";
			targets = (
				A136B944283A2C0D00691796 /* FactsLabelScanAndCalculation-swiftui */,
			);
		};
/* End PBXProject section */

/* Begin PBXResourcesBuildPhase section */
		A136B943283A2C0D00691796 /* Resources */ = {
			isa = PBXResourcesBuildPhase;
			buildActionMask = 2147483647;
			files = (
				A136B950283A2C0F00691796 /* Preview Assets.xcassets in Resources */,
				A136B94D283A2C0F00691796 /* Assets.xcassets in Resources */,
			);
			runOnlyForDeploymentPostprocessing = 0;
		};
/* End PBXResourcesBuildPhase section */

/* Begin PBXSourcesBuildPhase section */
		A136B941283A2C0D00691796 /* Sources */ = {
			isa = PBXSourcesBuildPhase;
			buildActionMask = 2147483647;
			files = (
				A1BD565D283F7C7A00DF2C6F /* FoodInfoTable.swift in Sources */,
				A1A5B61D2840541400E41A67 /* UIImage+Extension.swift in Sources */,
				A1E62C9F283A615D00D9C696 /* AnalysisView.swift in Sources */,
				A10D564F2840CB8800C21507 /* ChartView1.swift in Sources */,
				A10D56532840CDED00C21507 /* BarView.swift in Sources */,
				A10D564C2840CB0B00C21507 /* BarChart.swift in Sources */,
				A1A5B62528405EAC00E41A67 /* ScannerView.swift in Sources */,
				A102E4D6283F8AF5007E3D55 /* FoodLabel.xcdatamodeld in Sources */,
				A136B949283A2C0D00691796 /* FactsLabelScanAndCalculation_swiftuiApp.swift in Sources */,
				A14B960B283FB7BD0085A40C /* SettingView.swift in Sources */,
				A1BD5665283F81EA00DF2C6F /* ContentView.swift in Sources */,
				A1BD565A283F7C2F00DF2C6F /* ScanView.swift in Sources */,
				A136B95C283A38AE00691796 /* HomeView.swift in Sources */,
				A1BD565F283F7EE700DF2C6F /* DataController.swift in Sources */,
				A14B9609283FAC5E0085A40C /* FoodDetailView.swift in Sources */,
				A1A5B61B28404FE000E41A67 /* LabelML.mlmodel in Sources */,
				A1E62CA4283A628B00D9C696 /* HistoryView.swift in Sources */,
				A10D56552840D09400C21507 /* ChartView.swift in Sources */,
				A10D56512840CD2D00C21507 /* ChartView2.swift in Sources */,
				A1A5B62728405EB700E41A67 /* TextRecognizer.swift in Sources */,
				A1A5B62128405E9000E41A67 /* ScanData.swift in Sources */,
			);
			runOnlyForDeploymentPostprocessing = 0;
		};
/* End PBXSourcesBuildPhase section */

/* Begin XCBuildConfiguration section */
		A136B956283A2C0F00691796 /* Debug */ = {
			isa = XCBuildConfiguration;
			buildSettings = {
				ALWAYS_SEARCH_USER_PATHS = NO;
				CLANG_ANALYZER_NONNULL = YES;
				CLANG_ANALYZER_NUMBER_OBJECT_CONVERSION = YES_AGGRESSIVE;
				CLANG_CXX_LANGUAGE_STANDARD = "gnu++17";
				CLANG_ENABLE_MODULES = YES;
				CLANG_ENABLE_OBJC_ARC = YES;
				CLANG_ENABLE_OBJC_WEAK = YES;
				CLANG_WARN_BLOCK_CAPTURE_AUTORELEASING = YES;
				CLANG_WARN_BOOL_CONVERSION = YES;
				CLANG_WARN_COMMA = YES;
				CLANG_WARN_CONSTANT_CONVERSION = YES;
				CLANG_WARN_DEPRECATED_OBJC_IMPLEMENTATIONS = YES;
				CLANG_WARN_DIRECT_OBJC_ISA_USAGE = YES_ERROR;
				CLANG_WARN_DOCUMENTATION_COMMENTS = YES;
				CLANG_WARN_EMPTY_BODY = YES;
				CLANG_WARN_ENUM_CONVERSION = YES;
				CLANG_WARN_INFINITE_RECURSION = YES;
				CLANG_WARN_INT_CONVERSION = YES;
				CLANG_WARN_NON_LITERAL_NULL_CONVERSION = YES;
				CLANG_WARN_OBJC_IMPLICIT_RETAIN_SELF = YES;
				CLANG_WARN_OBJC_LITERAL_CONVERSION = YES;
				CLANG_WARN_OBJC_ROOT_CLASS = YES_ERROR;
				CLANG_WARN_QUOTED_INCLUDE_IN_FRAMEWORK_HEADER = YES;
				CLANG_WARN_RANGE_LOOP_ANALYSIS = YES;
				CLANG_WARN_STRICT_PROTOTYPES = YES;
				CLANG_WARN_SUSPICIOUS_MOVE = YES;
				CLANG_WARN_UNGUARDED_AVAILABILITY = YES_AGGRESSIVE;
				CLANG_WARN_UNREACHABLE_CODE = YES;
				CLANG_WARN__DUPLICATE_METHOD_MATCH = YES;
				COPY_PHASE_STRIP = NO;
				DEBUG_INFORMATION_FORMAT = dwarf;
				ENABLE_STRICT_OBJC_MSGSEND = YES;
				ENABLE_TESTABILITY = YES;
				GCC_C_LANGUAGE_STANDARD = gnu11;
				GCC_DYNAMIC_NO_PIC = NO;
				GCC_NO_COMMON_BLOCKS = YES;
				GCC_OPTIMIZATION_LEVEL = 0;
				GCC_PREPROCESSOR_DEFINITIONS = (
					"DEBUG=1",
					"$(inherited)",
				);
				GCC_WARN_64_TO_32_BIT_CONVERSION = YES;
				GCC_WARN_ABOUT_RETURN_TYPE = YES_ERROR;
				GCC_WARN_UNDECLARED_SELECTOR = YES;
				GCC_WARN_UNINITIALIZED_AUTOS = YES_AGGRESSIVE;
				GCC_WARN_UNUSED_FUNCTION = YES;
				GCC_WARN_UNUSED_VARIABLE = YES;
				IPHONEOS_DEPLOYMENT_TARGET = 15.5;
				MTL_ENABLE_DEBUG_INFO = INCLUDE_SOURCE;
				MTL_FAST_MATH = YES;
				ONLY_ACTIVE_ARCH = YES;
				SDKROOT = iphoneos;
				SWIFT_ACTIVE_COMPILATION_CONDITIONS = DEBUG;
				SWIFT_OPTIMIZATION_LEVEL = "-Onone";
			};
			name = Debug;
		};
		A136B957283A2C0F00691796 /* Release */ = {
			isa = XCBuildConfiguration;
			buildSettings = {
				ALWAYS_SEARCH_USER_PATHS = NO;
				CLANG_ANALYZER_NONNULL = YES;
				CLANG_ANALYZER_NUMBER_OBJECT_CONVERSION = YES_AGGRESSIVE;
				CLANG_CXX_LANGUAGE_STANDARD = "gnu++17";
				CLANG_ENABLE_MODULES = YES;
				CLANG_ENABLE_OBJC_ARC = YES;
				CLANG_ENABLE_OBJC_WEAK = YES;
				CLANG_WARN_BLOCK_CAPTURE_AUTORELEASING = YES;
				CLANG_WARN_BOOL_CONVERSION = YES;
				CLANG_WARN_COMMA = YES;
				CLANG_WARN_CONSTANT_CONVERSION = YES;
				CLANG_WARN_DEPRECATED_OBJC_IMPLEMENTATIONS = YES;
				CLANG_WARN_DIRECT_OBJC_ISA_USAGE = YES_ERROR;
				CLANG_WARN_DOCUMENTATION_COMMENTS = YES;
				CLANG_WARN_EMPTY_BODY = YES;
				CLANG_WARN_ENUM_CONVERSION = YES;
				CLANG_WARN_INFINITE_RECURSION = YES;
				CLANG_WARN_INT_CONVERSION = YES;
				CLANG_WARN_NON_LITERAL_NULL_CONVERSION = YES;
				CLANG_WARN_OBJC_IMPLICIT_RETAIN_SELF = YES;
				CLANG_WARN_OBJC_LITERAL_CONVERSION = YES;
				CLANG_WARN_OBJC_ROOT_CLASS = YES_ERROR;
				CLANG_WARN_QUOTED_INCLUDE_IN_FRAMEWORK_HEADER = YES;
				CLANG_WARN_RANGE_LOOP_ANALYSIS = YES;
				CLANG_WARN_STRICT_PROTOTYPES = YES;
				CLANG_WARN_SUSPICIOUS_MOVE = YES;
				CLANG_WARN_UNGUARDED_AVAILABILITY = YES_AGGRESSIVE;
				CLANG_WARN_UNREACHABLE_CODE = YES;
				CLANG_WARN__DUPLICATE_METHOD_MATCH = YES;
				COPY_PHASE_STRIP = NO;
				DEBUG_INFORMATION_FORMAT = "dwarf-with-dsym";
				ENABLE_NS_ASSERTIONS = NO;
				ENABLE_STRICT_OBJC_MSGSEND = YES;
				GCC_C_LANGUAGE_STANDARD = gnu11;
				GCC_NO_COMMON_BLOCKS = YES;
				GCC_WARN_64_TO_32_BIT_CONVERSION = YES;
				GCC_WARN_ABOUT_RETURN_TYPE = YES_ERROR;
				GCC_WARN_UNDECLARED_SELECTOR = YES;
				GCC_WARN_UNINITIALIZED_AUTOS = YES_AGGRESSIVE;
				GCC_WARN_UNUSED_FUNCTION = YES;
				GCC_WARN_UNUSED_VARIABLE = YES;
				IPHONEOS_DEPLOYMENT_TARGET = 15.5;
				MTL_ENABLE_DEBUG_INFO = NO;
				MTL_FAST_MATH = YES;
				SDKROOT = iphoneos;
				SWIFT_COMPILATION_MODE = wholemodule;
				SWIFT_OPTIMIZATION_LEVEL = "-O";
				VALIDATE_PRODUCT = YES;
			};
			name = Release;
		};
		A136B959283A2C0F00691796 /* Debug */ = {
			isa = XCBuildConfiguration;
			buildSettings = {
				ASSETCATALOG_COMPILER_APPICON_NAME = AppIcon;
				ASSETCATALOG_COMPILER_GLOBAL_ACCENT_COLOR_NAME = AccentColor;
				CODE_SIGN_STYLE = Automatic;
				CURRENT_PROJECT_VERSION = 1;
				DEVELOPMENT_ASSET_PATHS = "\"FactsLabelScanAndCalculation-swiftui/Preview Content\"";
				DEVELOPMENT_TEAM = 9UB4C72887;
				ENABLE_PREVIEWS = YES;
				GENERATE_INFOPLIST_FILE = YES;
				INFOPLIST_KEY_NSCameraUsageDescription = ScannerUse;
				INFOPLIST_KEY_UIApplicationSceneManifest_Generation = YES;
				INFOPLIST_KEY_UIApplicationSupportsIndirectInputEvents = YES;
				INFOPLIST_KEY_UILaunchScreen_Generation = YES;
				INFOPLIST_KEY_UISupportedInterfaceOrientations_iPad = "UIInterfaceOrientationPortrait UIInterfaceOrientationPortraitUpsideDown UIInterfaceOrientationLandscapeLeft UIInterfaceOrientationLandscapeRight";
				INFOPLIST_KEY_UISupportedInterfaceOrientations_iPhone = "UIInterfaceOrientationPortrait UIInterfaceOrientationLandscapeLeft UIInterfaceOrientationLandscapeRight";
				LD_RUNPATH_SEARCH_PATHS = (
					"$(inherited)",
					"@executable_path/Frameworks",
				);
				MARKETING_VERSION = 1.0;
				PRODUCT_BUNDLE_IDENTIFIER = "edu.self.FactsLabelScanAndCalculation-swiftui";
				PRODUCT_NAME = "$(TARGET_NAME)";
				SWIFT_EMIT_LOC_STRINGS = YES;
				SWIFT_VERSION = 5.0;
				TARGETED_DEVICE_FAMILY = "1,2";
			};
			name = Debug;
		};
		A136B95A283A2C0F00691796 /* Release */ = {
			isa = XCBuildConfiguration;
			buildSettings = {
				ASSETCATALOG_COMPILER_APPICON_NAME = AppIcon;
				ASSETCATALOG_COMPILER_GLOBAL_ACCENT_COLOR_NAME = AccentColor;
				CODE_SIGN_STYLE = Automatic;
				CURRENT_PROJECT_VERSION = 1;
				DEVELOPMENT_ASSET_PATHS = "\"FactsLabelScanAndCalculation-swiftui/Preview Content\"";
				DEVELOPMENT_TEAM = 9UB4C72887;
				ENABLE_PREVIEWS = YES;
				GENERATE_INFOPLIST_FILE = YES;
				INFOPLIST_KEY_NSCameraUsageDescription = ScannerUse;
				INFOPLIST_KEY_UIApplicationSceneManifest_Generation = YES;
				INFOPLIST_KEY_UIApplicationSupportsIndirectInputEvents = YES;
				INFOPLIST_KEY_UILaunchScreen_Generation = YES;
				INFOPLIST_KEY_UISupportedInterfaceOrientations_iPad = "UIInterfaceOrientationPortrait UIInterfaceOrientationPortraitUpsideDown UIInterfaceOrientationLandscapeLeft UIInterfaceOrientationLandscapeRight";
				INFOPLIST_KEY_UISupportedInterfaceOrientations_iPhone = "UIInterfaceOrientationPortrait UIInterfaceOrientationLandscapeLeft UIInterfaceOrientationLandscapeRight";
				LD_RUNPATH_SEARCH_PATHS = (
					"$(inherited)",
					"@executable_path/Frameworks",
				);
				MARKETING_VERSION = 1.0;
				PRODUCT_BUNDLE_IDENTIFIER = "edu.self.FactsLabelScanAndCalculation-swiftui";
				PRODUCT_NAME = "$(TARGET_NAME)";
				SWIFT_EMIT_LOC_STRINGS = YES;
				SWIFT_VERSION = 5.0;
				TARGETED_DEVICE_FAMILY = "1,2";
			};
			name = Release;
		};
/* End XCBuildConfiguration section */

/* Begin XCConfigurationList section */
		A136B940283A2C0D00691796 /* Build configuration list for PBXProject "FactsLabelScanAndCalculation-swiftui" */ = {
			isa = XCConfigurationList;
			buildConfigurations = (
				A136B956283A2C0F00691796 /* Debug */,
				A136B957283A2C0F00691796 /* Release */,
			);
			defaultConfigurationIsVisible = 0;
			defaultConfigurationName = Release;
		};
		A136B958283A2C0F00691796 /* Build configuration list for PBXNativeTarget "FactsLabelScanAndCalculation-swiftui" */ = {
			isa = XCConfigurationList;
			buildConfigurations = (
				A136B959283A2C0F00691796 /* Debug */,
				A136B95A283A2C0F00691796 /* Release */,
			);
			defaultConfigurationIsVisible = 0;
			defaultConfigurationName = Release;
		};
/* End XCConfigurationList section */

/* Begin XCVersionGroup section */
		A102E4D4283F8AF5007E3D55 /* FoodLabel.xcdatamodeld */ = {
			isa = XCVersionGroup;
			children = (
				A102E4D5283F8AF5007E3D55 /* FoodLabel.xcdatamodel */,
			);
			currentVersion = A102E4D5283F8AF5007E3D55 /* FoodLabel.xcdatamodel */;
			path = FoodLabel.xcdatamodeld;
			sourceTree = "<group>";
			versionGroupType = wrapper.xcdatamodel;
		};
/* End XCVersionGroup section */
	};
	rootObject = A136B93D283A2C0D00691796 /* Project object */;
}
